
Microsoft Visual Studio Solution File, Format Version 12.00
# Visual Studio 15
VisualStudioVersion = 15.0.28307.539
MinimumVisualStudioVersion = 10.0.40219.1
Project("{FAE04EC0-301F-11D3-BF4B-00C04F79EFBC}") = "maxreg-server", "maxreg-server\maxreg-server.csproj", "{3DA21D91-B2B7-420B-AAB8-B7AE10B383F1}"
EndProject
Global
	GlobalSection(SolutionConfigurationPlatforms) = preSolution
		Debug|Any CPU = Debug|Any CPU
		Release|Any CPU = Release|Any CPU
	EndGlobalSection
	GlobalSection(ProjectConfigurationPlatforms) = postSolution
		{3DA21D91-B2B7-420B-AAB8-B7AE10B383F1}.Debug|Any CPU.ActiveCfg = Debug|Any CPU
		{3DA21D91-B2B7-420B-AAB8-B7AE10B383F1}.Debug|Any CPU.Build.0 = Debug|Any CPU
		{3DA21D91-B2B7-420B-AAB8-B7AE10B383F1}.Release|Any CPU.ActiveCfg = Release|Any CPU
		{3DA21D91-B2B7-420B-AAB8-B7AE10B383F1}.Release|Any CPU.Build.0 = Release|Any CPU
	EndGlobalSection
	GlobalSection(SolutionProperties) = preSolution
		HideSolutionNode = FALSE
	EndGlobalSection
	GlobalSection(ExtensibilityGlobals) = postSolution
		SolutionGuid = {FA3A4EBD-6134-4E0F-B82C-A6F985A73A32}
	EndGlobalSection
EndGlobal
